
Microsoft Visual Studio Solution File, Format Version 12.00
# Visual Studio Version 16
VisualStudioVersion = 16.0.31005.135
MinimumVisualStudioVersion = 10.0.40219.1
Project("{FAE04EC0-301F-11D3-BF4B-00C04F79EFBC}") = "Accounting Soft", "Accounting Soft\Accounting Soft.csproj", "{689D5E1F-470D-4D79-91A4-716A7F39EA30}"
EndProject
Project("{54435603-DBB4-11D2-8724-00A0C9A8B90C}") = "Setup", "Setup File\Setup\Setup.vdproj", "{0B811D6A-CD8E-40D5-8359-1710B7473AA3}"
EndProject
Global
	GlobalSection(SolutionConfigurationPlatforms) = preSolution
		Debug|Any CPU = Debug|Any CPU
		Release|Any CPU = Release|Any CPU
	EndGlobalSection
	GlobalSection(ProjectConfigurationPlatforms) = postSolution
		{689D5E1F-470D-4D79-91A4-716A7F39EA30}.Debug|Any CPU.ActiveCfg = Debug|Any CPU
		{689D5E1F-470D-4D79-91A4-716A7F39EA30}.Debug|Any CPU.Build.0 = Debug|Any CPU
		{689D5E1F-470D-4D79-91A4-716A7F39EA30}.Release|Any CPU.ActiveCfg = Release|Any CPU
		{689D5E1F-470D-4D79-91A4-716A7F39EA30}.Release|Any CPU.Build.0 = Release|Any CPU
		{0B811D6A-CD8E-40D5-8359-1710B7473AA3}.Debug|Any CPU.ActiveCfg = Debug
		{0B811D6A-CD8E-40D5-8359-1710B7473AA3}.Release|Any CPU.ActiveCfg = Release
	EndGlobalSection
	GlobalSection(SolutionProperties) = preSolution
		HideSolutionNode = FALSE
	EndGlobalSection
	GlobalSection(ExtensibilityGlobals) = postSolution
		SolutionGuid = {0B9991C8-9544-4F72-A8C2-016586DD29E7}
	EndGlobalSection
EndGlobal
